// !$*UTF8*$!
{
	archiveVersion = 1;
	classes = {
	};
	objectVersion = 77;
	objects = {

/* Begin PBXContainerItemProxy section */
		AA0000000000000000000051 /* PBXContainerItemProxy */ = {
			isa = PBXContainerItemProxy;
			containerPortal = AA0000000000000000000060 /* Project object */;
			proxyType = 1;
			remoteGlobalIDString = AA0000000000000000000030;
			remoteInfo = NetSentrix;
		};
/* End PBXContainerItemProxy section */

/* Begin PBXFileReference section */
		AA0000000000000000000020 /* NetSentrix.app */ = {isa = PBXFileReference; explicitFileType = wrapper.application; includeInIndex = 0; path = NetSentrix.app; sourceTree = BUILT_PRODUCTS_DIR; };
		AA0000000000000000000021 /* NetSentrixTests.xctest */ = {isa = PBXFileReference; explicitFileType = wrapper.cfbundle; includeInIndex = 0; path = NetSentrixTests.xctest; sourceTree = BUILT_PRODUCTS_DIR; };
		AA0000000000000000000022 /* Info.plist */ = {isa = PBXFileReference; lastKnownFileType = text.plist.xml; path = Support/Info.plist; sourceTree = "<group>"; };
/* End PBXFileReference section */

/* Begin PBXFileSystemSynchronizedRootGroup section */
		AA0000000000000000000010 /* NetSentrix */ = {
			isa = PBXFileSystemSynchronizedRootGroup;
			explicitFileTypes = {
			};
			explicitFolders = (
			);
			path = NetSentrix;
			sourceTree = "<group>";
		};
		AA0000000000000000000011 /* NetSentrixTests */ = {
			isa = PBXFileSystemSynchronizedRootGroup;
			explicitFileTypes = {
			};
			explicitFolders = (
			);
			path = NetSentrixTests;
			sourceTree = "<group>";
		};
/* End PBXFileSystemSynchronizedRootGroup section */

/* Begin PBXFrameworksBuildPhase section */
		AA0000000000000000000032 /* Frameworks */ = {
			isa = PBXFrameworksBuildPhase;
			buildActionMask = 2147483647;
			files = (
			);
			runOnlyForDeploymentPostprocessing = 0;
		};
		AA0000000000000000000042 /* Frameworks */ = {
			isa = PBXFrameworksBuildPhase;
			buildActionMask = 2147483647;
			files = (
			);
			runOnlyForDeploymentPostprocessing = 0;
		};
/* End PBXFrameworksBuildPhase section */

/* Begin PBXGroup section */
		AA0000000000000000000001 = {
			isa = PBXGroup;
			children = (
				AA0000000000000000000010 /* NetSentrix */,
				AA0000000000000000000011 /* NetSentrixTests */,
				AA0000000000000000000022 /* Info.plist */,
				AA0000000000000000000002 /* Products */,
			);
			sourceTree = "<group>";
		};
		AA0000000000000000000002 /* Products */ = {
			isa = PBXGroup;
			children = (
				AA0000000000000000000020 /* NetSentrix.app */,
				AA0000000000000000000021 /* NetSentrixTests.xctest */,
			);
			name = Products;
			sourceTree = "<group>";
		};
/* End PBXGroup section */

/* Begin PBXNativeTarget section */
		AA0000000000000000000030 /* NetSentrix */ = {
			isa = PBXNativeTarget;
			buildConfigurationList = AA0000000000000000000073 /* Build configuration list for PBXNativeTarget "NetSentrix" */;
			buildPhases = (
				AA0000000000000000000031 /* Sources */,
				AA0000000000000000000032 /* Frameworks */,
				AA0000000000000000000033 /* Resources */,
			);
			buildRules = (
			);
			dependencies = (
			);
			fileSystemSynchronizedGroups = (
				AA0000000000000000000010 /* NetSentrix */,
			);
			name = NetSentrix;
			packageProductDependencies = (
			);
			productName = NetSentrix;
			productReference = AA0000000000000000000020 /* NetSentrix.app */;
			productType = "com.apple.product-type.application";
		};
		AA0000000000000000000040 /* NetSentrixTests */ = {
			isa = PBXNativeTarget;
			buildConfigurationList = AA0000000000000000000076 /* Build configuration list for PBXNativeTarget "NetSentrixTests" */;
			buildPhases = (
				AA0000000000000000000041 /* Sources */,
				AA0000000000000000000042 /* Frameworks */,
				AA0000000000000000000043 /* Resources */,
			);
			buildRules = (
			);
			dependencies = (
				AA0000000000000000000050 /* PBXTargetDependency */,
			);
			fileSystemSynchronizedGroups = (
				AA0000000000000000000011 /* NetSentrixTests */,
			);
			name = NetSentrixTests;
			packageProductDependencies = (
			);
			productName = NetSentrixTests;
			productReference = AA0000000000000000000021 /* NetSentrixTests.xctest */;
			productType = "com.apple.product-type.bundle.unit-test";
		};
/* End PBXNativeTarget section */

/* Begin PBXProject section */
		AA0000000000000000000060 /* Project object */ = {
			isa = PBXProject;
			attributes = {
				BuildIndependentTargetsInParallel = 1;
				LastSwiftUpdateCheck = 1600;
				LastUpgradeCheck = 1600;
				TargetAttributes = {
					AA0000000000000000000030 = {
						CreatedOnToolsVersion = 16.0;
					};
					AA0000000000000000000040 = {
						CreatedOnToolsVersion = 16.0;
						TestTargetID = AA0000000000000000000030;
					};
				};
			};
			buildConfigurationList = AA0000000000000000000070 /* Build configuration list for PBXProject "NetSentrix" */;
			developmentRegion = en;
			hasScannedForEncodings = 0;
			knownRegions = (
				en,
				Base,
			);
			mainGroup = AA0000000000000000000001;
			minimizedProjectReferenceProxies = 1;
			preferredProjectObjectVersion = 77;
			productRefGroup = AA0000000000000000000002 /* Products */;
			projectDirPath = "";
			projectRoot = "";
			targets = (
				AA0000000000000000000030 /* NetSentrix */,
				AA0000000000000000000040 /* NetSentrixTests */,
			);
		};
/* End PBXProject section */

/* Begin PBXResourcesBuildPhase section */
		AA0000000000000000000033 /* Resources */ = {
			isa = PBXResourcesBuildPhase;
			buildActionMask = 2147483647;
			files = (
			);
			runOnlyForDeploymentPostprocessing = 0;
		};
		AA0000000000000000000043 /* Resources */ = {
			isa = PBXResourcesBuildPhase;
			buildActionMask = 2147483647;
			files = (
			);
			runOnlyForDeploymentPostprocessing = 0;
		};
/* End PBXResourcesBuildPhase section */

/* Begin PBXSourcesBuildPhase section */
		AA0000000000000000000031 /* Sources */ = {
			isa = PBXSourcesBuildPhase;
			buildActionMask = 2147483647;
			files = (
			);
			runOnlyForDeploymentPostprocessing = 0;
		};
		AA0000000000000000000041 /* Sources */ = {
			isa = PBXSourcesBuildPhase;
			buildActionMask = 2147483647;
			files = (
			);
			runOnlyForDeploymentPostprocessing = 0;
		};
/* End PBXSourcesBuildPhase section */

/* Begin PBXTargetDependency section */
		AA0000000000000000000050 /* PBXTargetDependency */ = {
			isa = PBXTargetDependency;
			target = AA0000000000000000000030 /* NetSentrix */;
			targetProxy = AA0000000000000000000051 /* PBXContainerItemProxy */;
		};
/* End PBXTargetDependency section */

/* Begin XCBuildConfiguration section */
		AA0000000000000000000071 /* Debug */ = {
			isa = XCBuildConfiguration;
			buildSettings = {
				ALWAYS_SEARCH_USER_PATHS = NO;
				CLANG_ENABLE_MODULES = YES;
				CLANG_ENABLE_OBJC_ARC = YES;
				COPY_PHASE_STRIP = NO;
				DEBUG_INFORMATION_FORMAT = dwarf;
				ENABLE_STRICT_OBJC_MSGSEND = YES;
				ENABLE_TESTABILITY = YES;
				ENABLE_USER_SCRIPT_SANDBOXING = YES;
				GCC_C_LANGUAGE_STANDARD = gnu17;
				GCC_DYNAMIC_NO_PIC = NO;
				GCC_NO_COMMON_BLOCKS = YES;
				GCC_OPTIMIZATION_LEVEL = 0;
				GCC_PREPROCESSOR_DEFINITIONS = (
					"DEBUG=1",
					"$(inherited)",
				);
				LOCALIZATION_PREFERS_STRING_CATALOGS = YES;
				MACOSX_DEPLOYMENT_TARGET = 13.0;
				MTL_ENABLE_DEBUG_INFO = INCLUDE_SOURCE;
				MTL_FAST_MATH = YES;
				ONLY_ACTIVE_ARCH = YES;
				SDKROOT = macosx;
				SWIFT_ACTIVE_COMPILATION_CONDITIONS = "DEBUG $(inherited)";
				SWIFT_OPTIMIZATION_LEVEL = "-Onone";
				SWIFT_VERSION = 5.0;
			};
			name = Debug;
		};
		AA0000000000000000000072 /* Release */ = {
			isa = XCBuildConfiguration;
			buildSettings = {
				ALWAYS_SEARCH_USER_PATHS = NO;
				CLANG_ENABLE_MODULES = YES;
				CLANG_ENABLE_OBJC_ARC = YES;
				COPY_PHASE_STRIP = NO;
				DEBUG_INFORMATION_FORMAT = "dwarf-with-dsym";
				ENABLE_NS_ASSERTIONS = NO;
				ENABLE_STRICT_OBJC_MSGSEND = YES;
				ENABLE_USER_SCRIPT_SANDBOXING = YES;
				GCC_C_LANGUAGE_STANDARD = gnu17;
				GCC_NO_COMMON_BLOCKS = YES;
				LOCALIZATION_PREFERS_STRING_CATALOGS = YES;
				MACOSX_DEPLOYMENT_TARGET = 13.0;
				MTL_ENABLE_DEBUG_INFO = NO;
				MTL_FAST_MATH = YES;
				SDKROOT = macosx;
				SWIFT_COMPILATION_MODE = wholemodule;
				SWIFT_OPTIMIZATION_LEVEL = "-O";
				SWIFT_VERSION = 5.0;
			};
			name = Release;
		};
		AA0000000000000000000074 /* Debug */ = {
			isa = XCBuildConfiguration;
			buildSettings = {
				CODE_SIGN_IDENTITY = "-";
				CODE_SIGN_STYLE = Automatic;
				COMBINE_HIDPI_IMAGES = YES;
				CURRENT_PROJECT_VERSION = 1;
				ENABLE_HARDENED_RUNTIME = NO;
				INFOPLIST_FILE = Support/Info.plist;
				LD_RUNPATH_SEARCH_PATHS = (
					"$(inherited)",
					"@executable_path/../Frameworks",
				);
				MARKETING_VERSION = 0.1.0;
				PRODUCT_BUNDLE_IDENTIFIER = com.netsentrix.app;
				PRODUCT_NAME = "$(TARGET_NAME)";
				SWIFT_EMIT_LOC_STRINGS = YES;
			};
			name = Debug;
		};
		AA0000000000000000000075 /* Release */ = {
			isa = XCBuildConfiguration;
			buildSettings = {
				CODE_SIGN_IDENTITY = "-";
				CODE_SIGN_STYLE = Automatic;
				COMBINE_HIDPI_IMAGES = YES;
				CURRENT_PROJECT_VERSION = 1;
				ENABLE_HARDENED_RUNTIME = NO;
				INFOPLIST_FILE = Support/Info.plist;
				LD_RUNPATH_SEARCH_PATHS = (
					"$(inherited)",
					"@executable_path/../Frameworks",
				);
				MARKETING_VERSION = 0.1.0;
				PRODUCT_BUNDLE_IDENTIFIER = com.netsentrix.app;
				PRODUCT_NAME = "$(TARGET_NAME)";
				SWIFT_EMIT_LOC_STRINGS = YES;
			};
			name = Release;
		};
		AA0000000000000000000077 /* Debug */ = {
			isa = XCBuildConfiguration;
			buildSettings = {
				BUNDLE_LOADER = "$(TEST_HOST)";
				CODE_SIGN_IDENTITY = "-";
				CODE_SIGN_STYLE = Automatic;
				CURRENT_PROJECT_VERSION = 1;
				GENERATE_INFOPLIST_FILE = YES;
				MARKETING_VERSION = 0.1.0;
				PRODUCT_BUNDLE_IDENTIFIER = com.netsentrix.NetSentrixTests;
				PRODUCT_NAME = "$(TARGET_NAME)";
				SWIFT_EMIT_LOC_STRINGS = NO;
				TEST_HOST = "$(BUILT_PRODUCTS_DIR)/NetSentrix.app/Contents/MacOS/NetSentrix";
			};
			name = Debug;
		};
		AA0000000000000000000078 /* Release */ = {
			isa = XCBuildConfiguration;
			buildSettings = {
				BUNDLE_LOADER = "$(TEST_HOST)";
				CODE_SIGN_IDENTITY = "-";
				CODE_SIGN_STYLE = Automatic;
				CURRENT_PROJECT_VERSION = 1;
				GENERATE_INFOPLIST_FILE = YES;
				MARKETING_VERSION = 0.1.0;
				PRODUCT_BUNDLE_IDENTIFIER = com.netsentrix.NetSentrixTests;
				PRODUCT_NAME = "$(TARGET_NAME)";
				SWIFT_EMIT_LOC_STRINGS = NO;
				TEST_HOST = "$(BUILT_PRODUCTS_DIR)/NetSentrix.app/Contents/MacOS/NetSentrix";
			};
			name = Release;
		};
/* End XCBuildConfiguration section */

/* Begin XCConfigurationList section */
		AA0000000000000000000070 /* Build configuration list for PBXProject "NetSentrix" */ = {
			isa = XCConfigurationList;
			buildConfigurations = (
				AA0000000000000000000071 /* Debug */,
				AA0000000000000000000072 /* Release */,
			);
			defaultConfigurationIsVisible = 0;
			defaultConfigurationName = Release;
		};
		AA0000000000000000000073 /* Build configuration list for PBXNativeTarget "NetSentrix" */ = {
			isa = XCConfigurationList;
			buildConfigurations = (
				AA0000000000000000000074 /* Debug */,
				AA0000000000000000000075 /* Release */,
			);
			defaultConfigurationIsVisible = 0;
			defaultConfigurationName = Release;
		};
		AA0000000000000000000076 /* Build configuration list for PBXNativeTarget "NetSentrixTests" */ = {
			isa = XCConfigurationList;
			buildConfigurations = (
				AA0000000000000000000077 /* Debug */,
				AA0000000000000000000078 /* Release */,
			);
			defaultConfigurationIsVisible = 0;
			defaultConfigurationName = Release;
		};
/* End XCConfigurationList section */
	};
	rootObject = AA0000000000000000000060 /* Project object */;
}
